// !$*UTF8*$!
{
	archiveVersion = 1;
	classes = {
	};
	objectVersion = 56;
	objects = {

/* Begin PBXBuildFile section */
		5800F49929D8DFFB008DCE51 /* TicketViewController.swift in Sources */ = {isa = PBXBuildFile; fileRef = 5800F49829D8DFFB008DCE51 /* TicketViewController.swift */; };
		5805DF6529E0C5C200BEF4D8 /* TravelMoveModel.swift in Sources */ = {isa = PBXBuildFile; fileRef = 5805DF6429E0C5C200BEF4D8 /* TravelMoveModel.swift */; };
		5805DF6729E0D32700BEF4D8 /* Alert.swift in Sources */ = {isa = PBXBuildFile; fileRef = 5805DF6629E0D32700BEF4D8 /* Alert.swift */; };
		581462F129D9AC5F00B32562 /* BusTicket.swift in Sources */ = {isa = PBXBuildFile; fileRef = 581462F029D9AC5F00B32562 /* BusTicket.swift */; };
		58151DE429DB5CF800797F73 /* SeatViewController.swift in Sources */ = {isa = PBXBuildFile; fileRef = 58151DE329DB5CF800797F73 /* SeatViewController.swift */; };
		586AB18829E64270003FC1F1 /* README.md in Resources */ = {isa = PBXBuildFile; fileRef = 586AB18729E64270003FC1F1 /* README.md */; };
		58AFC2FD29E3055D00C34519 /* PayTicketViewController.swift in Sources */ = {isa = PBXBuildFile; fileRef = 58AFC2FC29E3055D00C34519 /* PayTicketViewController.swift */; };
		58AFC2FF29E311FA00C34519 /* Passenger.swift in Sources */ = {isa = PBXBuildFile; fileRef = 58AFC2FE29E311FA00C34519 /* Passenger.swift */; };
		58B7B8A329DA066800166932 /* VoyageCell.swift in Sources */ = {isa = PBXBuildFile; fileRef = 58B7B8A129DA066800166932 /* VoyageCell.swift */; };
		58B7B8A429DA066800166932 /* VoyageCell.xib in Resources */ = {isa = PBXBuildFile; fileRef = 58B7B8A229DA066800166932 /* VoyageCell.xib */; };
		58E18E2E29E441ED008A2F3B /* InfoTicketViewController.swift in Sources */ = {isa = PBXBuildFile; fileRef = 58E18E2D29E441ED008A2F3B /* InfoTicketViewController.swift */; };
		58E5AD3829D89DEB00C7280C /* AppDelegate.swift in Sources */ = {isa = PBXBuildFile; fileRef = 58E5AD3729D89DEB00C7280C /* AppDelegate.swift */; };
		58E5AD3A29D89DEB00C7280C /* SceneDelegate.swift in Sources */ = {isa = PBXBuildFile; fileRef = 58E5AD3929D89DEB00C7280C /* SceneDelegate.swift */; };
		58E5AD3C29D89DEB00C7280C /* ViewController.swift in Sources */ = {isa = PBXBuildFile; fileRef = 58E5AD3B29D89DEB00C7280C /* ViewController.swift */; };
		58E5AD3F29D89DEB00C7280C /* Main.storyboard in Resources */ = {isa = PBXBuildFile; fileRef = 58E5AD3D29D89DEB00C7280C /* Main.storyboard */; };
		58E5AD4129D89DEB00C7280C /* Assets.xcassets in Resources */ = {isa = PBXBuildFile; fileRef = 58E5AD4029D89DEB00C7280C /* Assets.xcassets */; };
		58E5AD4429D89DEB00C7280C /* LaunchScreen.storyboard in Resources */ = {isa = PBXBuildFile; fileRef = 58E5AD4229D89DEB00C7280C /* LaunchScreen.storyboard */; };
		58E5AD5029D8A33100C7280C /* UIView+Extensions.swift in Sources */ = {isa = PBXBuildFile; fileRef = 58E5AD4F29D8A33100C7280C /* UIView+Extensions.swift */; };
		58E5AD5629D8A4E100C7280C /* OnboardingViewController.swift in Sources */ = {isa = PBXBuildFile; fileRef = 58E5AD5529D8A4E100C7280C /* OnboardingViewController.swift */; };
		58E5AD5829D8AB1B00C7280C /* OnboardingSlide.swift in Sources */ = {isa = PBXBuildFile; fileRef = 58E5AD5729D8AB1B00C7280C /* OnboardingSlide.swift */; };
		58E5AD5A29D8ADF500C7280C /* OnboardingCollectionViewCell.swift in Sources */ = {isa = PBXBuildFile; fileRef = 58E5AD5929D8ADF500C7280C /* OnboardingCollectionViewCell.swift */; };
		58E5AD5D29D8C50800C7280C /* HomeViewController.swift in Sources */ = {isa = PBXBuildFile; fileRef = 58E5AD5C29D8C50800C7280C /* HomeViewController.swift */; };
		58EA90B729DDA73300B59A53 /* SeatCollectionViewCell.swift in Sources */ = {isa = PBXBuildFile; fileRef = 58EA90B629DDA73300B59A53 /* SeatCollectionViewCell.swift */; };
		58EA90B929DDAA0500B59A53 /* Seats.swift in Sources */ = {isa = PBXBuildFile; fileRef = 58EA90B829DDAA0500B59A53 /* Seats.swift */; };
/* End PBXBuildFile section */

/* Begin PBXFileReference section */
		5800F49829D8DFFB008DCE51 /* TicketViewController.swift */ = {isa = PBXFileReference; lastKnownFileType = sourcecode.swift; path = TicketViewController.swift; sourceTree = "<group>"; };
		5805DF6429E0C5C200BEF4D8 /* TravelMoveModel.swift */ = {isa = PBXFileReference; lastKnownFileType = sourcecode.swift; path = TravelMoveModel.swift; sourceTree = "<group>"; };
		5805DF6629E0D32700BEF4D8 /* Alert.swift */ = {isa = PBXFileReference; lastKnownFileType = sourcecode.swift; path = Alert.swift; sourceTree = "<group>"; };
		581462F029D9AC5F00B32562 /* BusTicket.swift */ = {isa = PBXFileReference; lastKnownFileType = sourcecode.swift; path = BusTicket.swift; sourceTree = "<group>"; };
		58151DE329DB5CF800797F73 /* SeatViewController.swift */ = {isa = PBXFileReference; lastKnownFileType = sourcecode.swift; path = SeatViewController.swift; sourceTree = "<group>"; };
		586AB18729E64270003FC1F1 /* README.md */ = {isa = PBXFileReference; lastKnownFileType = net.daringfireball.markdown; path = README.md; sourceTree = "<group>"; };
		58AFC2FC29E3055D00C34519 /* PayTicketViewController.swift */ = {isa = PBXFileReference; lastKnownFileType = sourcecode.swift; path = PayTicketViewController.swift; sourceTree = "<group>"; };
		58AFC2FE29E311FA00C34519 /* Passenger.swift */ = {isa = PBXFileReference; lastKnownFileType = sourcecode.swift; path = Passenger.swift; sourceTree = "<group>"; };
		58B7B8A129DA066800166932 /* VoyageCell.swift */ = {isa = PBXFileReference; lastKnownFileType = sourcecode.swift; path = VoyageCell.swift; sourceTree = "<group>"; };
		58B7B8A229DA066800166932 /* VoyageCell.xib */ = {isa = PBXFileReference; lastKnownFileType = file.xib; path = VoyageCell.xib; sourceTree = "<group>"; };
		58E18E2D29E441ED008A2F3B /* InfoTicketViewController.swift */ = {isa = PBXFileReference; lastKnownFileType = sourcecode.swift; path = InfoTicketViewController.swift; sourceTree = "<group>"; };
		58E5AD3429D89DEB00C7280C /* E-Ticket.app */ = {isa = PBXFileReference; explicitFileType = wrapper.application; includeInIndex = 0; path = "E-Ticket.app"; sourceTree = BUILT_PRODUCTS_DIR; };
		58E5AD3729D89DEB00C7280C /* AppDelegate.swift */ = {isa = PBXFileReference; lastKnownFileType = sourcecode.swift; path = AppDelegate.swift; sourceTree = "<group>"; };
		58E5AD3929D89DEB00C7280C /* SceneDelegate.swift */ = {isa = PBXFileReference; lastKnownFileType = sourcecode.swift; path = SceneDelegate.swift; sourceTree = "<group>"; };
		58E5AD3B29D89DEB00C7280C /* ViewController.swift */ = {isa = PBXFileReference; lastKnownFileType = sourcecode.swift; path = ViewController.swift; sourceTree = "<group>"; };
		58E5AD3E29D89DEB00C7280C /* Base */ = {isa = PBXFileReference; lastKnownFileType = file.storyboard; name = Base; path = Base.lproj/Main.storyboard; sourceTree = "<group>"; };
		58E5AD4029D89DEB00C7280C /* Assets.xcassets */ = {isa = PBXFileReference; lastKnownFileType = folder.assetcatalog; path = Assets.xcassets; sourceTree = "<group>"; };
		58E5AD4329D89DEB00C7280C /* Base */ = {isa = PBXFileReference; lastKnownFileType = file.storyboard; name = Base; path = Base.lproj/LaunchScreen.storyboard; sourceTree = "<group>"; };
		58E5AD4529D89DEB00C7280C /* Info.plist */ = {isa = PBXFileReference; lastKnownFileType = text.plist.xml; path = Info.plist; sourceTree = "<group>"; };
		58E5AD4F29D8A33100C7280C /* UIView+Extensions.swift */ = {isa = PBXFileReference; lastKnownFileType = sourcecode.swift; path = "UIView+Extensions.swift"; sourceTree = "<group>"; };
		58E5AD5529D8A4E100C7280C /* OnboardingViewController.swift */ = {isa = PBXFileReference; lastKnownFileType = sourcecode.swift; path = OnboardingViewController.swift; sourceTree = "<group>"; };
		58E5AD5729D8AB1B00C7280C /* OnboardingSlide.swift */ = {isa = PBXFileReference; lastKnownFileType = sourcecode.swift; path = OnboardingSlide.swift; sourceTree = "<group>"; };
		58E5AD5929D8ADF500C7280C /* OnboardingCollectionViewCell.swift */ = {isa = PBXFileReference; lastKnownFileType = sourcecode.swift; path = OnboardingCollectionViewCell.swift; sourceTree = "<group>"; };
		58E5AD5C29D8C50800C7280C /* HomeViewController.swift */ = {isa = PBXFileReference; lastKnownFileType = sourcecode.swift; path = HomeViewController.swift; sourceTree = "<group>"; };
		58EA90B629DDA73300B59A53 /* SeatCollectionViewCell.swift */ = {isa = PBXFileReference; lastKnownFileType = sourcecode.swift; path = SeatCollectionViewCell.swift; sourceTree = "<group>"; };
		58EA90B829DDAA0500B59A53 /* Seats.swift */ = {isa = PBXFileReference; lastKnownFileType = sourcecode.swift; path = Seats.swift; sourceTree = "<group>"; };
/* End PBXFileReference section */

/* Begin PBXFrameworksBuildPhase section */
		58E5AD3129D89DEB00C7280C /* Frameworks */ = {
			isa = PBXFrameworksBuildPhase;
			buildActionMask = 2147483647;
			files = (
			);
			runOnlyForDeploymentPostprocessing = 0;
		};
/* End PBXFrameworksBuildPhase section */

/* Begin PBXGroup section */
		5800F49B29D9092A008DCE51 /* Ticket */ = {
			isa = PBXGroup;
			children = (
				5800F49829D8DFFB008DCE51 /* TicketViewController.swift */,
			);
			path = Ticket;
			sourceTree = "<group>";
		};
		58151DE629DB911400797F73 /* SeatViewController */ = {
			isa = PBXGroup;
			children = (
				58151DE329DB5CF800797F73 /* SeatViewController.swift */,
			);
			path = SeatViewController;
			sourceTree = "<group>";
		};
		586AB18629E63F3F003FC1F1 /* Alert */ = {
			isa = PBXGroup;
			children = (
				5805DF6629E0D32700BEF4D8 /* Alert.swift */,
			);
			path = Alert;
			sourceTree = "<group>";
		};
		58AFC2FB29E304E200C34519 /* PayTicketViewController */ = {
			isa = PBXGroup;
			children = (
				58AFC2FC29E3055D00C34519 /* PayTicketViewController.swift */,
			);
			path = PayTicketViewController;
			sourceTree = "<group>";
		};
		58B7B8A029DA05FF00166932 /* Cells */ = {
			isa = PBXGroup;
			children = (
				58EA90B629DDA73300B59A53 /* SeatCollectionViewCell.swift */,
				58B7B8A129DA066800166932 /* VoyageCell.swift */,
				58B7B8A229DA066800166932 /* VoyageCell.xib */,
			);
			path = Cells;
			sourceTree = "<group>";
		};
		58E18E2A29E44166008A2F3B /* InfoTicketViewController */ = {
			isa = PBXGroup;
			children = (
				58E18E2D29E441ED008A2F3B /* InfoTicketViewController.swift */,
			);
			path = InfoTicketViewController;
			sourceTree = "<group>";
		};
		58E5AD2B29D89DEB00C7280C = {
			isa = PBXGroup;
			children = (
				586AB18729E64270003FC1F1 /* README.md */,
				58E5AD3629D89DEB00C7280C /* E-Ticket */,
				58E5AD3529D89DEB00C7280C /* Products */,
			);
			sourceTree = "<group>";
		};
		58E5AD3529D89DEB00C7280C /* Products */ = {
			isa = PBXGroup;
			children = (
				58E5AD3429D89DEB00C7280C /* E-Ticket.app */,
			);
			name = Products;
			sourceTree = "<group>";
		};
		58E5AD3629D89DEB00C7280C /* E-Ticket */ = {
			isa = PBXGroup;
			children = (
				58B7B8A029DA05FF00166932 /* Cells */,
				58E5AD5329D8A46800C7280C /* Views */,
				58E5AD5229D8A44800C7280C /* Models */,
				58E5AD4E29D8A30300C7280C /* Extensions */,
				586AB18629E63F3F003FC1F1 /* Alert */,
				58E5AD3729D89DEB00C7280C /* AppDelegate.swift */,
				58E5AD3929D89DEB00C7280C /* SceneDelegate.swift */,
				58E5AD3B29D89DEB00C7280C /* ViewController.swift */,
				58E5AD3D29D89DEB00C7280C /* Main.storyboard */,
				58E5AD4029D89DEB00C7280C /* Assets.xcassets */,
				58E5AD4229D89DEB00C7280C /* LaunchScreen.storyboard */,
				58E5AD4529D89DEB00C7280C /* Info.plist */,
			);
			path = "E-Ticket";
			sourceTree = "<group>";
		};
		58E5AD4E29D8A30300C7280C /* Extensions */ = {
			isa = PBXGroup;
			children = (
				58E5AD4F29D8A33100C7280C /* UIView+Extensions.swift */,
			);
			path = Extensions;
			sourceTree = "<group>";
		};
		58E5AD5229D8A44800C7280C /* Models */ = {
			isa = PBXGroup;
			children = (
				58E5AD5729D8AB1B00C7280C /* OnboardingSlide.swift */,
				581462F029D9AC5F00B32562 /* BusTicket.swift */,
				58EA90B829DDAA0500B59A53 /* Seats.swift */,
				58AFC2FE29E311FA00C34519 /* Passenger.swift */,
				5805DF6429E0C5C200BEF4D8 /* TravelMoveModel.swift */,
			);
			path = Models;
			sourceTree = "<group>";
		};
		58E5AD5329D8A46800C7280C /* Views */ = {
			isa = PBXGroup;
			children = (
				58E18E2A29E44166008A2F3B /* InfoTicketViewController */,
				58AFC2FB29E304E200C34519 /* PayTicketViewController */,
				58151DE629DB911400797F73 /* SeatViewController */,
				5800F49B29D9092A008DCE51 /* Ticket */,
				58E5AD5B29D8C4D000C7280C /* Home */,
				58E5AD5429D8A48000C7280C /* Onboarding */,
			);
			path = Views;
			sourceTree = "<group>";
		};
		58E5AD5429D8A48000C7280C /* Onboarding */ = {
			isa = PBXGroup;
			children = (
				58E5AD5529D8A4E100C7280C /* OnboardingViewController.swift */,
				58E5AD5929D8ADF500C7280C /* OnboardingCollectionViewCell.swift */,
			);
			path = Onboarding;
			sourceTree = "<group>";
		};
		58E5AD5B29D8C4D000C7280C /* Home */ = {
			isa = PBXGroup;
			children = (
				58E5AD5C29D8C50800C7280C /* HomeViewController.swift */,
			);
			path = Home;
			sourceTree = "<group>";
		};
/* End PBXGroup section */

/* Begin PBXNativeTarget section */
		58E5AD3329D89DEB00C7280C /* E-Ticket */ = {
			isa = PBXNativeTarget;
			buildConfigurationList = 58E5AD4829D89DEB00C7280C /* Build configuration list for PBXNativeTarget "E-Ticket" */;
			buildPhases = (
				58E5AD3029D89DEB00C7280C /* Sources */,
				58E5AD3129D89DEB00C7280C /* Frameworks */,
				58E5AD3229D89DEB00C7280C /* Resources */,
			);
			buildRules = (
			);
			dependencies = (
			);
			name = "E-Ticket";
			productName = "E-Ticket";
			productReference = 58E5AD3429D89DEB00C7280C /* E-Ticket.app */;
			productType = "com.apple.product-type.application";
		};
/* End PBXNativeTarget section */

/* Begin PBXProject section */
		58E5AD2C29D89DEB00C7280C /* Project object */ = {
			isa = PBXProject;
			attributes = {
				BuildIndependentTargetsInParallel = 1;
				LastSwiftUpdateCheck = 1420;
				LastUpgradeCheck = 1420;
				TargetAttributes = {
					58E5AD3329D89DEB00C7280C = {
						CreatedOnToolsVersion = 14.2;
					};
				};
			};
			buildConfigurationList = 58E5AD2F29D89DEB00C7280C /* Build configuration list for PBXProject "E-Ticket" */;
			compatibilityVersion = "Xcode 14.0";
			developmentRegion = en;
			hasScannedForEncodings = 0;
			knownRegions = (
				en,
				Base,
			);
			mainGroup = 58E5AD2B29D89DEB00C7280C;
			productRefGroup = 58E5AD3529D89DEB00C7280C /* Products */;
			projectDirPath = "";
			projectRoot = "";
			targets = (
				58E5AD3329D89DEB00C7280C /* E-Ticket */,
			);
		};
/* End PBXProject section */

/* Begin PBXResourcesBuildPhase section */
		58E5AD3229D89DEB00C7280C /* Resources */ = {
			isa = PBXResourcesBuildPhase;
			buildActionMask = 2147483647;
			files = (
				58E5AD4429D89DEB00C7280C /* LaunchScreen.storyboard in Resources */,
				58E5AD4129D89DEB00C7280C /* Assets.xcassets in Resources */,
				586AB18829E64270003FC1F1 /* README.md in Resources */,
				58B7B8A429DA066800166932 /* VoyageCell.xib in Resources */,
				58E5AD3F29D89DEB00C7280C /* Main.storyboard in Resources */,
			);
			runOnlyForDeploymentPostprocessing = 0;
		};
/* End PBXResourcesBuildPhase section */

/* Begin PBXSourcesBuildPhase section */
		58E5AD3029D89DEB00C7280C /* Sources */ = {
			isa = PBXSourcesBuildPhase;
			buildActionMask = 2147483647;
			files = (
				58E5AD3C29D89DEB00C7280C /* ViewController.swift in Sources */,
				58EA90B729DDA73300B59A53 /* SeatCollectionViewCell.swift in Sources */,
				58E5AD3829D89DEB00C7280C /* AppDelegate.swift in Sources */,
				58AFC2FD29E3055D00C34519 /* PayTicketViewController.swift in Sources */,
				5805DF6729E0D32700BEF4D8 /* Alert.swift in Sources */,
				581462F129D9AC5F00B32562 /* BusTicket.swift in Sources */,
				58E5AD5629D8A4E100C7280C /* OnboardingViewController.swift in Sources */,
				58E5AD5D29D8C50800C7280C /* HomeViewController.swift in Sources */,
				58E18E2E29E441ED008A2F3B /* InfoTicketViewController.swift in Sources */,
				5805DF6529E0C5C200BEF4D8 /* TravelMoveModel.swift in Sources */,
				58E5AD5029D8A33100C7280C /* UIView+Extensions.swift in Sources */,
				58B7B8A329DA066800166932 /* VoyageCell.swift in Sources */,
				58EA90B929DDAA0500B59A53 /* Seats.swift in Sources */,
				58E5AD5829D8AB1B00C7280C /* OnboardingSlide.swift in Sources */,
				58E5AD5A29D8ADF500C7280C /* OnboardingCollectionViewCell.swift in Sources */,
				58E5AD3A29D89DEB00C7280C /* SceneDelegate.swift in Sources */,
				58AFC2FF29E311FA00C34519 /* Passenger.swift in Sources */,
				58151DE429DB5CF800797F73 /* SeatViewController.swift in Sources */,
				5800F49929D8DFFB008DCE51 /* TicketViewController.swift in Sources */,
			);
			runOnlyForDeploymentPostprocessing = 0;
		};
/* End PBXSourcesBuildPhase section */

/* Begin PBXVariantGroup section */
		58E5AD3D29D89DEB00C7280C /* Main.storyboard */ = {
			isa = PBXVariantGroup;
			children = (
				58E5AD3E29D89DEB00C7280C /* Base */,
			);
			name = Main.storyboard;
			sourceTree = "<group>";
		};
		58E5AD4229D89DEB00C7280C /* LaunchScreen.storyboard */ = {
			isa = PBXVariantGroup;
			children = (
				58E5AD4329D89DEB00C7280C /* Base */,
			);
			name = LaunchScreen.storyboard;
			sourceTree = "<group>";
		};
/* End PBXVariantGroup section */

/* Begin XCBuildConfiguration section */
		58E5AD4629D89DEB00C7280C /* Debug */ = {
			isa = XCBuildConfiguration;
			buildSettings = {
				ALWAYS_SEARCH_USER_PATHS = NO;
				CLANG_ANALYZER_NONNULL = YES;
				CLANG_ANALYZER_NUMBER_OBJECT_CONVERSION = YES_AGGRESSIVE;
				CLANG_CXX_LANGUAGE_STANDARD = "gnu++20";
				CLANG_ENABLE_MODULES = YES;
				CLANG_ENABLE_OBJC_ARC = YES;
				CLANG_ENABLE_OBJC_WEAK = YES;
				CLANG_WARN_BLOCK_CAPTURE_AUTORELEASING = YES;
				CLANG_WARN_BOOL_CONVERSION = YES;
				CLANG_WARN_COMMA = YES;
				CLANG_WARN_CONSTANT_CONVERSION = YES;
				CLANG_WARN_DEPRECATED_OBJC_IMPLEMENTATIONS = YES;
				CLANG_WARN_DIRECT_OBJC_ISA_USAGE = YES_ERROR;
				CLANG_WARN_DOCUMENTATION_COMMENTS = YES;
				CLANG_WARN_EMPTY_BODY = YES;
				CLANG_WARN_ENUM_CONVERSION = YES;
				CLANG_WARN_INFINITE_RECURSION = YES;
				CLANG_WARN_INT_CONVERSION = YES;
				CLANG_WARN_NON_LITERAL_NULL_CONVERSION = YES;
				CLANG_WARN_OBJC_IMPLICIT_RETAIN_SELF = YES;
				CLANG_WARN_OBJC_LITERAL_CONVERSION = YES;
				CLANG_WARN_OBJC_ROOT_CLASS = YES_ERROR;
				CLANG_WARN_QUOTED_INCLUDE_IN_FRAMEWORK_HEADER = YES;
				CLANG_WARN_RANGE_LOOP_ANALYSIS = YES;
				CLANG_WARN_STRICT_PROTOTYPES = YES;
				CLANG_WARN_SUSPICIOUS_MOVE = YES;
				CLANG_WARN_UNGUARDED_AVAILABILITY = YES_AGGRESSIVE;
				CLANG_WARN_UNREACHABLE_CODE = YES;
				CLANG_WARN__DUPLICATE_METHOD_MATCH = YES;
				COPY_PHASE_STRIP = NO;
				DEBUG_INFORMATION_FORMAT = dwarf;
				ENABLE_STRICT_OBJC_MSGSEND = YES;
				ENABLE_TESTABILITY = YES;
				GCC_C_LANGUAGE_STANDARD = gnu11;
				GCC_DYNAMIC_NO_PIC = NO;
				GCC_NO_COMMON_BLOCKS = YES;
				GCC_OPTIMIZATION_LEVEL = 0;
				GCC_PREPROCESSOR_DEFINITIONS = (
					"DEBUG=1",
					"$(inherited)",
				);
				GCC_WARN_64_TO_32_BIT_CONVERSION = YES;
				GCC_WARN_ABOUT_RETURN_TYPE = YES_ERROR;
				GCC_WARN_UNDECLARED_SELECTOR = YES;
				GCC_WARN_UNINITIALIZED_AUTOS = YES_AGGRESSIVE;
				GCC_WARN_UNUSED_FUNCTION = YES;
				GCC_WARN_UNUSED_VARIABLE = YES;
				IPHONEOS_DEPLOYMENT_TARGET = 16.2;
				MTL_ENABLE_DEBUG_INFO = INCLUDE_SOURCE;
				MTL_FAST_MATH = YES;
				ONLY_ACTIVE_ARCH = YES;
				SDKROOT = iphoneos;
				SWIFT_ACTIVE_COMPILATION_CONDITIONS = DEBUG;
				SWIFT_OPTIMIZATION_LEVEL = "-Onone";
			};
			name = Debug;
		};
		58E5AD4729D89DEB00C7280C /* Release */ = {
			isa = XCBuildConfiguration;
			buildSettings = {
				ALWAYS_SEARCH_USER_PATHS = NO;
				CLANG_ANALYZER_NONNULL = YES;
				CLANG_ANALYZER_NUMBER_OBJECT_CONVERSION = YES_AGGRESSIVE;
				CLANG_CXX_LANGUAGE_STANDARD = "gnu++20";
				CLANG_ENABLE_MODULES = YES;
				CLANG_ENABLE_OBJC_ARC = YES;
				CLANG_ENABLE_OBJC_WEAK = YES;
				CLANG_WARN_BLOCK_CAPTURE_AUTORELEASING = YES;
				CLANG_WARN_BOOL_CONVERSION = YES;
				CLANG_WARN_COMMA = YES;
				CLANG_WARN_CONSTANT_CONVERSION = YES;
				CLANG_WARN_DEPRECATED_OBJC_IMPLEMENTATIONS = YES;
				CLANG_WARN_DIRECT_OBJC_ISA_USAGE = YES_ERROR;
				CLANG_WARN_DOCUMENTATION_COMMENTS = YES;
				CLANG_WARN_EMPTY_BODY = YES;
				CLANG_WARN_ENUM_CONVERSION = YES;
				CLANG_WARN_INFINITE_RECURSION = YES;
				CLANG_WARN_INT_CONVERSION = YES;
				CLANG_WARN_NON_LITERAL_NULL_CONVERSION = YES;
				CLANG_WARN_OBJC_IMPLICIT_RETAIN_SELF = YES;
				CLANG_WARN_OBJC_LITERAL_CONVERSION = YES;
				CLANG_WARN_OBJC_ROOT_CLASS = YES_ERROR;
				CLANG_WARN_QUOTED_INCLUDE_IN_FRAMEWORK_HEADER = YES;
				CLANG_WARN_RANGE_LOOP_ANALYSIS = YES;
				CLANG_WARN_STRICT_PROTOTYPES = YES;
				CLANG_WARN_SUSPICIOUS_MOVE = YES;
				CLANG_WARN_UNGUARDED_AVAILABILITY = YES_AGGRESSIVE;
				CLANG_WARN_UNREACHABLE_CODE = YES;
				CLANG_WARN__DUPLICATE_METHOD_MATCH = YES;
				COPY_PHASE_STRIP = NO;
				DEBUG_INFORMATION_FORMAT = "dwarf-with-dsym";
				ENABLE_NS_ASSERTIONS = NO;
				ENABLE_STRICT_OBJC_MSGSEND = YES;
				GCC_C_LANGUAGE_STANDARD = gnu11;
				GCC_NO_COMMON_BLOCKS = YES;
				GCC_WARN_64_TO_32_BIT_CONVERSION = YES;
				GCC_WARN_ABOUT_RETURN_TYPE = YES_ERROR;
				GCC_WARN_UNDECLARED_SELECTOR = YES;
				GCC_WARN_UNINITIALIZED_AUTOS = YES_AGGRESSIVE;
				GCC_WARN_UNUSED_FUNCTION = YES;
				GCC_WARN_UNUSED_VARIABLE = YES;
				IPHONEOS_DEPLOYMENT_TARGET = 16.2;
				MTL_ENABLE_DEBUG_INFO = NO;
				MTL_FAST_MATH = YES;
				SDKROOT = iphoneos;
				SWIFT_COMPILATION_MODE = wholemodule;
				SWIFT_OPTIMIZATION_LEVEL = "-O";
				VALIDATE_PRODUCT = YES;
			};
			name = Release;
		};
		58E5AD4929D89DEB00C7280C /* Debug */ = {
			isa = XCBuildConfiguration;
			buildSettings = {
				ASSETCATALOG_COMPILER_APPICON_NAME = AppIcon;
				ASSETCATALOG_COMPILER_GLOBAL_ACCENT_COLOR_NAME = AccentColor;
				CODE_SIGN_STYLE = Automatic;
				CURRENT_PROJECT_VERSION = 1;
				DEVELOPMENT_TEAM = 4RK899AS7M;
				GENERATE_INFOPLIST_FILE = YES;
				INFOPLIST_FILE = "E-Ticket/Info.plist";
				INFOPLIST_KEY_UIApplicationSupportsIndirectInputEvents = YES;
				INFOPLIST_KEY_UILaunchStoryboardName = LaunchScreen;
				INFOPLIST_KEY_UIMainStoryboardFile = Main;
				INFOPLIST_KEY_UISupportedInterfaceOrientations = UIInterfaceOrientationPortrait;
				INFOPLIST_KEY_UISupportedInterfaceOrientations_iPad = "UIInterfaceOrientationLandscapeLeft UIInterfaceOrientationLandscapeRight UIInterfaceOrientationPortrait UIInterfaceOrientationPortraitUpsideDown";
				LD_RUNPATH_SEARCH_PATHS = (
					"$(inherited)",
					"@executable_path/Frameworks",
				);
				MARKETING_VERSION = 1.0;
				PRODUCT_BUNDLE_IDENTIFIER = "furkanYildirim.E-Ticket";
				PRODUCT_NAME = "$(TARGET_NAME)";
				SWIFT_EMIT_LOC_STRINGS = YES;
				SWIFT_VERSION = 5.0;
				TARGETED_DEVICE_FAMILY = "1,2";
			};
			name = Debug;
		};
		58E5AD4A29D89DEB00C7280C /* Release */ = {
			isa = XCBuildConfiguration;
			buildSettings = {
				ASSETCATALOG_COMPILER_APPICON_NAME = AppIcon;
				ASSETCATALOG_COMPILER_GLOBAL_ACCENT_COLOR_NAME = AccentColor;
				CODE_SIGN_STYLE = Automatic;
				CURRENT_PROJECT_VERSION = 1;
				DEVELOPMENT_TEAM = 4RK899AS7M;
				GENERATE_INFOPLIST_FILE = YES;
				INFOPLIST_FILE = "E-Ticket/Info.plist";
				INFOPLIST_KEY_UIApplicationSupportsIndirectInputEvents = YES;
				INFOPLIST_KEY_UILaunchStoryboardName = LaunchScreen;
				INFOPLIST_KEY_UIMainStoryboardFile = Main;
				INFOPLIST_KEY_UISupportedInterfaceOrientations = UIInterfaceOrientationPortrait;
				INFOPLIST_KEY_UISupportedInterfaceOrientations_iPad = "UIInterfaceOrientationLandscapeLeft UIInterfaceOrientationLandscapeRight UIInterfaceOrientationPortrait UIInterfaceOrientationPortraitUpsideDown";
				LD_RUNPATH_SEARCH_PATHS = (
					"$(inherited)",
					"@executable_path/Frameworks",
				);
				MARKETING_VERSION = 1.0;
				PRODUCT_BUNDLE_IDENTIFIER = "furkanYildirim.E-Ticket";
				PRODUCT_NAME = "$(TARGET_NAME)";
				SWIFT_EMIT_LOC_STRINGS = YES;
				SWIFT_VERSION = 5.0;
				TARGETED_DEVICE_FAMILY = "1,2";
			};
			name = Release;
		};
/* End XCBuildConfiguration section */

/* Begin XCConfigurationList section */
		58E5AD2F29D89DEB00C7280C /* Build configuration list for PBXProject "E-Ticket" */ = {
			isa = XCConfigurationList;
			buildConfigurations = (
				58E5AD4629D89DEB00C7280C /* Debug */,
				58E5AD4729D89DEB00C7280C /* Release */,
			);
			defaultConfigurationIsVisible = 0;
			defaultConfigurationName = Release;
		};
		58E5AD4829D89DEB00C7280C /* Build configuration list for PBXNativeTarget "E-Ticket" */ = {
			isa = XCConfigurationList;
			buildConfigurations = (
				58E5AD4929D89DEB00C7280C /* Debug */,
				58E5AD4A29D89DEB00C7280C /* Release */,
			);
			defaultConfigurationIsVisible = 0;
			defaultConfigurationName = Release;
		};
/* End XCConfigurationList section */
	};
	rootObject = 58E5AD2C29D89DEB00C7280C /* Project object */;
}
